
Microsoft Visual Studio Solution File, Format Version 12.00
# Visual Studio 15
VisualStudioVersion = 15.0.28307.421
MinimumVisualStudioVersion = 10.0.40219.1
Project("{FAE04EC0-301F-11D3-BF4B-00C04F79EFBC}") = "WpfTutorial", "WpfTutorial\WpfTutorial.csproj", "{8FD231C7-8CAF-4904-9610-CBC1523D8451}"
EndProject
Global
	GlobalSection(SolutionConfigurationPlatforms) = preSolution
		Debug|Any CPU = Debug|Any CPU
		Release|Any CPU = Release|Any CPU
	EndGlobalSection
	GlobalSection(ProjectConfigurationPlatforms) = postSolution
		{8FD231C7-8CAF-4904-9610-CBC1523D8451}.Debug|Any CPU.ActiveCfg = Debug|Any CPU
		{8FD231C7-8CAF-4904-9610-CBC1523D8451}.Debug|Any CPU.Build.0 = Debug|Any CPU
		{8FD231C7-8CAF-4904-9610-CBC1523D8451}.Release|Any CPU.ActiveCfg = Release|Any CPU
		{8FD231C7-8CAF-4904-9610-CBC1523D8451}.Release|Any CPU.Build.0 = Release|Any CPU
	EndGlobalSection
	GlobalSection(SolutionProperties) = preSolution
		HideSolutionNode = FALSE
	EndGlobalSection
	GlobalSection(ExtensibilityGlobals) = postSolution
		SolutionGuid = {9757F9C7-6509-4ED3-AF7E-0379F892EE00}
	EndGlobalSection
EndGlobal
